version = 1
revision = 2
requires-python = ">=3.13"

[[package]]
name = "chime"
version = "0.7.0"
source = { registry = "https://pypi.org/simple" }
sdist = { url = "https://files.pythonhosted.org/packages/94/bc/918e3769666d918904b70f1fbdabfc3fbc3fbe97240a2a610b98b9b3fe0e/chime-0.7.0.tar.gz", hash = "sha256:ba4af8934ec8bd9a89a340b4433b2e500097b979823386432be7128e0b201f0d", size = 3923153, upload-time = "2023-02-20T10:05:40.199Z" }
wheels = [
    { url = "https://files.pythonhosted.org/packages/84/e4/9d2a6bbfcb11dff0bda0cd886fbf20f669260610e413c1be1537dbb4a5c1/chime-0.7.0-py3-none-any.whl", hash = "sha256:9626f8151cb008b1e0ffb7de6d1834b7013ba5fc4c4e3c9ba6e29dc9bf5feac6", size = 3907551, upload-time = "2023-02-20T10:05:16.484Z" },
]

[[package]]
name = "pompy"
version = "0.1.0"
source = { virtual = "." }
dependencies = [
    { name = "chime" },
]

[package.metadata]
requires-dist = [{ name = "chime", specifier = ">=0.7.0" }]
